
Microsoft Visual Studio Solution File, Format Version 12.00
# Visual Studio 15
VisualStudioVersion = 15.0.28307.539
MinimumVisualStudioVersion = 10.0.40219.1
Project("{FAE04EC0-301F-11D3-BF4B-00C04F79EFBC}") = "TempSite", "TempSite\TempSite.csproj", "{96333AD6-D229-42C0-96D9-3509FD26D4DB}"
EndProject
Global
	GlobalSection(SolutionConfigurationPlatforms) = preSolution
		Debug|Any CPU = Debug|Any CPU
		Release|Any CPU = Release|Any CPU
	EndGlobalSection
	GlobalSection(ProjectConfigurationPlatforms) = postSolution
		{96333AD6-D229-42C0-96D9-3509FD26D4DB}.Debug|Any CPU.ActiveCfg = Debug|Any CPU
		{96333AD6-D229-42C0-96D9-3509FD26D4DB}.Debug|Any CPU.Build.0 = Debug|Any CPU
		{96333AD6-D229-42C0-96D9-3509FD26D4DB}.Release|Any CPU.ActiveCfg = Release|Any CPU
		{96333AD6-D229-42C0-96D9-3509FD26D4DB}.Release|Any CPU.Build.0 = Release|Any CPU
	EndGlobalSection
	GlobalSection(SolutionProperties) = preSolution
		HideSolutionNode = FALSE
	EndGlobalSection
	GlobalSection(ExtensibilityGlobals) = postSolution
		SolutionGuid = {2143354F-688E-4968-AB36-56133B417469}
	EndGlobalSection
EndGlobal
